
Microsoft Visual Studio Solution File, Format Version 12.00
# Visual Studio 15
VisualStudioVersion = 15.0.28307.421
MinimumVisualStudioVersion = 10.0.40219.1
Project("{FAE04EC0-301F-11D3-BF4B-00C04F79EFBC}") = "AuthenticationApi", "AuthenticationApi\AuthenticationApi.csproj", "{73FD2AA7-B4D6-40FA-8CB7-E01930E8552C}"
EndProject
Project("{FAE04EC0-301F-11D3-BF4B-00C04F79EFBC}") = "AuthenticationApi.Tests", "AuthenticationApi.Tests\AuthenticationApi.Tests.csproj", "{249210B8-12F4-4E9B-BD3E-C3AAE02211B1}"
EndProject
Global
	GlobalSection(SolutionConfigurationPlatforms) = preSolution
		Debug|Any CPU = Debug|Any CPU
		Release|Any CPU = Release|Any CPU
	EndGlobalSection
	GlobalSection(ProjectConfigurationPlatforms) = postSolution
		{73FD2AA7-B4D6-40FA-8CB7-E01930E8552C}.Debug|Any CPU.ActiveCfg = Debug|Any CPU
		{73FD2AA7-B4D6-40FA-8CB7-E01930E8552C}.Debug|Any CPU.Build.0 = Debug|Any CPU
		{73FD2AA7-B4D6-40FA-8CB7-E01930E8552C}.Release|Any CPU.ActiveCfg = Release|Any CPU
		{73FD2AA7-B4D6-40FA-8CB7-E01930E8552C}.Release|Any CPU.Build.0 = Release|Any CPU
		{249210B8-12F4-4E9B-BD3E-C3AAE02211B1}.Debug|Any CPU.ActiveCfg = Debug|Any CPU
		{249210B8-12F4-4E9B-BD3E-C3AAE02211B1}.Debug|Any CPU.Build.0 = Debug|Any CPU
		{249210B8-12F4-4E9B-BD3E-C3AAE02211B1}.Release|Any CPU.ActiveCfg = Release|Any CPU
		{249210B8-12F4-4E9B-BD3E-C3AAE02211B1}.Release|Any CPU.Build.0 = Release|Any CPU
	EndGlobalSection
	GlobalSection(SolutionProperties) = preSolution
		HideSolutionNode = FALSE
	EndGlobalSection
	GlobalSection(ExtensibilityGlobals) = postSolution
		SolutionGuid = {B29890FE-0018-40C6-994C-CB5462638106}
	EndGlobalSection
EndGlobal
